{
  "nodes": {
    "nixpkgs": {
      "locked": {
        "lastModified": 1742770323,
        "narHash": "sha256-S06zZNPw6R+nPwdWryExlxFNvDXIz3kOpvqce7hSrs0=",
        "owner": "StarGate01",
        "repo": "nixpkgs",
        "rev": "0e1ccd014d700173338dffcb0e9eb898cc8bbccf",
        "type": "github"
      },
      "original": {
        "owner": "StarGate01",
        "ref": "gpshell",
        "repo": "nixpkgs",
        "type": "github"
      }
    },
    "root": {
      "inputs": {
        "nixpkgs": "nixpkgs"
      }
    }
  },
  "root": "root",
  "version": 7
}
